// !$*UTF8*$!
{
	archiveVersion = 1;
	classes = {
	};
	objectVersion = 51;
	objects = {

/* Begin PBXBuildFile section */
		72158738249517C7007F6D46 /* ToDoTestCase.swift in Sources */ = {isa = PBXBuildFile; fileRef = 72158737249517C7007F6D46 /* ToDoTestCase.swift */; };
		7215873A24951826007F6D46 /* ToDoTestCaseDIContainer.swift in Sources */ = {isa = PBXBuildFile; fileRef = 7215873924951826007F6D46 /* ToDoTestCaseDIContainer.swift */; };
		72E7BE62249502180064C64E /* AppDelegate.swift in Sources */ = {isa = PBXBuildFile; fileRef = 72E7BE61249502180064C64E /* AppDelegate.swift */; };
		72E7BE64249502180064C64E /* SceneDelegate.swift in Sources */ = {isa = PBXBuildFile; fileRef = 72E7BE63249502180064C64E /* SceneDelegate.swift */; };
		72E7BE66249502180064C64E /* ViewController.swift in Sources */ = {isa = PBXBuildFile; fileRef = 72E7BE65249502180064C64E /* ViewController.swift */; };
		72E7BE69249502180064C64E /* Main.storyboard in Resources */ = {isa = PBXBuildFile; fileRef = 72E7BE67249502180064C64E /* Main.storyboard */; };
		72E7BE6B249502190064C64E /* Assets.xcassets in Resources */ = {isa = PBXBuildFile; fileRef = 72E7BE6A249502190064C64E /* Assets.xcassets */; };
		72E7BE6E249502190064C64E /* LaunchScreen.storyboard in Resources */ = {isa = PBXBuildFile; fileRef = 72E7BE6C249502190064C64E /* LaunchScreen.storyboard */; };
		72E7BE7624950FBC0064C64E /* EditViewController.swift in Sources */ = {isa = PBXBuildFile; fileRef = 72E7BE7524950FBC0064C64E /* EditViewController.swift */; };
		72E7BE7824950FF70064C64E /* TaskViewController.swift in Sources */ = {isa = PBXBuildFile; fileRef = 72E7BE7724950FF70064C64E /* TaskViewController.swift */; };
		B45EF943BA0A310A08CBD58B /* Pods_ToDoApplication.framework in Frameworks */ = {isa = PBXBuildFile; fileRef = E48020F67C8C6D114DFCEFFB /* Pods_ToDoApplication.framework */; };
/* End PBXBuildFile section */

/* Begin PBXContainerItemProxy section */
		721093782495178E007C94AC /* PBXContainerItemProxy */ = {
			isa = PBXContainerItemProxy;
			containerPortal = 72E7BE56249502180064C64E /* Project object */;
			proxyType = 1;
			remoteGlobalIDString = 72E7BE5D249502180064C64E;
			remoteInfo = ToDoApplication;
		};
/* End PBXContainerItemProxy section */

/* Begin PBXFileReference section */
		721093732495178E007C94AC /* ToDoApplicationUITests.xctest */ = {isa = PBXFileReference; explicitFileType = wrapper.cfbundle; includeInIndex = 0; path = ToDoApplicationUITests.xctest; sourceTree = BUILT_PRODUCTS_DIR; };
		721093772495178E007C94AC /* Info.plist */ = {isa = PBXFileReference; lastKnownFileType = text.plist.xml; path = Info.plist; sourceTree = "<group>"; };
		72158737249517C7007F6D46 /* ToDoTestCase.swift */ = {isa = PBXFileReference; lastKnownFileType = sourcecode.swift; path = ToDoTestCase.swift; sourceTree = "<group>"; };
		7215873924951826007F6D46 /* ToDoTestCaseDIContainer.swift */ = {isa = PBXFileReference; lastKnownFileType = sourcecode.swift; path = ToDoTestCaseDIContainer.swift; sourceTree = "<group>"; };
		72E7BE5E249502180064C64E /* ToDoApplication.app */ = {isa = PBXFileReference; explicitFileType = wrapper.application; includeInIndex = 0; path = ToDoApplication.app; sourceTree = BUILT_PRODUCTS_DIR; };
		72E7BE61249502180064C64E /* AppDelegate.swift */ = {isa = PBXFileReference; lastKnownFileType = sourcecode.swift; path = AppDelegate.swift; sourceTree = "<group>"; };
		72E7BE63249502180064C64E /* SceneDelegate.swift */ = {isa = PBXFileReference; lastKnownFileType = sourcecode.swift; path = SceneDelegate.swift; sourceTree = "<group>"; };
		72E7BE65249502180064C64E /* ViewController.swift */ = {isa = PBXFileReference; lastKnownFileType = sourcecode.swift; path = ViewController.swift; sourceTree = "<group>"; };
		72E7BE68249502180064C64E /* Base */ = {isa = PBXFileReference; lastKnownFileType = file.storyboard; name = Base; path = Base.lproj/Main.storyboard; sourceTree = "<group>"; };
		72E7BE6A249502190064C64E /* Assets.xcassets */ = {isa = PBXFileReference; lastKnownFileType = folder.assetcatalog; path = Assets.xcassets; sourceTree = "<group>"; };
		72E7BE6D249502190064C64E /* Base */ = {isa = PBXFileReference; lastKnownFileType = file.storyboard; name = Base; path = Base.lproj/LaunchScreen.storyboard; sourceTree = "<group>"; };
		72E7BE6F249502190064C64E /* Info.plist */ = {isa = PBXFileReference; lastKnownFileType = text.plist.xml; path = Info.plist; sourceTree = "<group>"; };
		72E7BE7524950FBC0064C64E /* EditViewController.swift */ = {isa = PBXFileReference; lastKnownFileType = sourcecode.swift; path = EditViewController.swift; sourceTree = "<group>"; };
		72E7BE7724950FF70064C64E /* TaskViewController.swift */ = {isa = PBXFileReference; lastKnownFileType = sourcecode.swift; path = TaskViewController.swift; sourceTree = "<group>"; };
		9BE10FA04F5C9C7BF760B5A8 /* Pods-ToDoApplication.debug.xcconfig */ = {isa = PBXFileReference; includeInIndex = 1; lastKnownFileType = text.xcconfig; name = "Pods-ToDoApplication.debug.xcconfig"; path = "Target Support Files/Pods-ToDoApplication/Pods-ToDoApplication.debug.xcconfig"; sourceTree = "<group>"; };
		E48020F67C8C6D114DFCEFFB /* Pods_ToDoApplication.framework */ = {isa = PBXFileReference; explicitFileType = wrapper.framework; includeInIndex = 0; path = Pods_ToDoApplication.framework; sourceTree = BUILT_PRODUCTS_DIR; };
		F678B3547FAAA63AB8062AFA /* Pods-ToDoApplication.release.xcconfig */ = {isa = PBXFileReference; includeInIndex = 1; lastKnownFileType = text.xcconfig; name = "Pods-ToDoApplication.release.xcconfig"; path = "Target Support Files/Pods-ToDoApplication/Pods-ToDoApplication.release.xcconfig"; sourceTree = "<group>"; };
/* End PBXFileReference section */

/* Begin PBXFrameworksBuildPhase section */
		721093702495178E007C94AC /* Frameworks */ = {
			isa = PBXFrameworksBuildPhase;
			buildActionMask = 2147483647;
			files = (
			);
			runOnlyForDeploymentPostprocessing = 0;
		};
		72E7BE5B249502180064C64E /* Frameworks */ = {
			isa = PBXFrameworksBuildPhase;
			buildActionMask = 2147483647;
			files = (
				B45EF943BA0A310A08CBD58B /* Pods_ToDoApplication.framework in Frameworks */,
			);
			runOnlyForDeploymentPostprocessing = 0;
		};
/* End PBXFrameworksBuildPhase section */

/* Begin PBXGroup section */
		689F77D81F84E24F967544AC /* Pods */ = {
			isa = PBXGroup;
			children = (
				9BE10FA04F5C9C7BF760B5A8 /* Pods-ToDoApplication.debug.xcconfig */,
				F678B3547FAAA63AB8062AFA /* Pods-ToDoApplication.release.xcconfig */,
			);
			path = Pods;
			sourceTree = "<group>";
		};
		6D3C85758B01A2AB84983160 /* Frameworks */ = {
			isa = PBXGroup;
			children = (
				E48020F67C8C6D114DFCEFFB /* Pods_ToDoApplication.framework */,
			);
			name = Frameworks;
			sourceTree = "<group>";
		};
		721093742495178E007C94AC /* ToDoApplicationUITests */ = {
			isa = PBXGroup;
			children = (
				72158736249517B4007F6D46 /* Base */,
				721093772495178E007C94AC /* Info.plist */,
			);
			path = ToDoApplicationUITests;
			sourceTree = "<group>";
		};
		72158736249517B4007F6D46 /* Base */ = {
			isa = PBXGroup;
			children = (
				72158737249517C7007F6D46 /* ToDoTestCase.swift */,
				7215873924951826007F6D46 /* ToDoTestCaseDIContainer.swift */,
			);
			path = Base;
			sourceTree = "<group>";
		};
		72E7BE55249502180064C64E = {
			isa = PBXGroup;
			children = (
				72E7BE60249502180064C64E /* ToDoApplication */,
				721093742495178E007C94AC /* ToDoApplicationUITests */,
				72E7BE5F249502180064C64E /* Products */,
				689F77D81F84E24F967544AC /* Pods */,
				6D3C85758B01A2AB84983160 /* Frameworks */,
			);
			sourceTree = "<group>";
		};
		72E7BE5F249502180064C64E /* Products */ = {
			isa = PBXGroup;
			children = (
				72E7BE5E249502180064C64E /* ToDoApplication.app */,
				721093732495178E007C94AC /* ToDoApplicationUITests.xctest */,
			);
			name = Products;
			sourceTree = "<group>";
		};
		72E7BE60249502180064C64E /* ToDoApplication */ = {
			isa = PBXGroup;
			children = (
				72E7BE61249502180064C64E /* AppDelegate.swift */,
				72E7BE63249502180064C64E /* SceneDelegate.swift */,
				72E7BE65249502180064C64E /* ViewController.swift */,
				72E7BE67249502180064C64E /* Main.storyboard */,
				72E7BE6A249502190064C64E /* Assets.xcassets */,
				72E7BE6C249502190064C64E /* LaunchScreen.storyboard */,
				72E7BE6F249502190064C64E /* Info.plist */,
				72E7BE7524950FBC0064C64E /* EditViewController.swift */,
				72E7BE7724950FF70064C64E /* TaskViewController.swift */,
			);
			path = ToDoApplication;
			sourceTree = "<group>";
		};
/* End PBXGroup section */

/* Begin PBXNativeTarget section */
		721093722495178E007C94AC /* ToDoApplicationUITests */ = {
			isa = PBXNativeTarget;
			buildConfigurationList = 7210937C2495178E007C94AC /* Build configuration list for PBXNativeTarget "ToDoApplicationUITests" */;
			buildPhases = (
				7210936F2495178E007C94AC /* Sources */,
				721093702495178E007C94AC /* Frameworks */,
				721093712495178E007C94AC /* Resources */,
			);
			buildRules = (
			);
			dependencies = (
				721093792495178E007C94AC /* PBXTargetDependency */,
			);
			name = ToDoApplicationUITests;
			productName = ToDoApplicationUITests;
			productReference = 721093732495178E007C94AC /* ToDoApplicationUITests.xctest */;
			productType = "com.apple.product-type.bundle.ui-testing";
		};
		72E7BE5D249502180064C64E /* ToDoApplication */ = {
			isa = PBXNativeTarget;
			buildConfigurationList = 72E7BE72249502190064C64E /* Build configuration list for PBXNativeTarget "ToDoApplication" */;
			buildPhases = (
				4A1AAD325AD2639907B4CBB8 /* [CP] Check Pods Manifest.lock */,
				72E7BE5A249502180064C64E /* Sources */,
				72E7BE5B249502180064C64E /* Frameworks */,
				72E7BE5C249502180064C64E /* Resources */,
				AC1822686625952C0D9E5B3E /* [CP] Embed Pods Frameworks */,
			);
			buildRules = (
			);
			dependencies = (
			);
			name = ToDoApplication;
			productName = ToDoApplication;
			productReference = 72E7BE5E249502180064C64E /* ToDoApplication.app */;
			productType = "com.apple.product-type.application";
		};
/* End PBXNativeTarget section */

/* Begin PBXProject section */
		72E7BE56249502180064C64E /* Project object */ = {
			isa = PBXProject;
			attributes = {
				LastSwiftUpdateCheck = 1110;
				LastUpgradeCheck = 1110;
				ORGANIZATIONNAME = "Anton Smirnov";
				TargetAttributes = {
					721093722495178E007C94AC = {
						CreatedOnToolsVersion = 11.1;
						TestTargetID = 72E7BE5D249502180064C64E;
					};
					72E7BE5D249502180064C64E = {
						CreatedOnToolsVersion = 11.1;
					};
				};
			};
			buildConfigurationList = 72E7BE59249502180064C64E /* Build configuration list for PBXProject "ToDoApplication" */;
			compatibilityVersion = "Xcode 9.3";
			developmentRegion = en;
			hasScannedForEncodings = 0;
			knownRegions = (
				en,
				Base,
			);
			mainGroup = 72E7BE55249502180064C64E;
			productRefGroup = 72E7BE5F249502180064C64E /* Products */;
			projectDirPath = "";
			projectRoot = "";
			targets = (
				72E7BE5D249502180064C64E /* ToDoApplication */,
				721093722495178E007C94AC /* ToDoApplicationUITests */,
			);
		};
/* End PBXProject section */

/* Begin PBXResourcesBuildPhase section */
		721093712495178E007C94AC /* Resources */ = {
			isa = PBXResourcesBuildPhase;
			buildActionMask = 2147483647;
			files = (
			);
			runOnlyForDeploymentPostprocessing = 0;
		};
		72E7BE5C249502180064C64E /* Resources */ = {
			isa = PBXResourcesBuildPhase;
			buildActionMask = 2147483647;
			files = (
				72E7BE6E249502190064C64E /* LaunchScreen.storyboard in Resources */,
				72E7BE6B249502190064C64E /* Assets.xcassets in Resources */,
				72E7BE69249502180064C64E /* Main.storyboard in Resources */,
			);
			runOnlyForDeploymentPostprocessing = 0;
		};
/* End PBXResourcesBuildPhase section */

/* Begin PBXShellScriptBuildPhase section */
		4A1AAD325AD2639907B4CBB8 /* [CP] Check Pods Manifest.lock */ = {
			isa = PBXShellScriptBuildPhase;
			buildActionMask = 2147483647;
			files = (
			);
			inputFileListPaths = (
			);
			inputPaths = (
				"${PODS_PODFILE_DIR_PATH}/Podfile.lock",
				"${PODS_ROOT}/Manifest.lock",
			);
			name = "[CP] Check Pods Manifest.lock";
			outputFileListPaths = (
			);
			outputPaths = (
				"$(DERIVED_FILE_DIR)/Pods-ToDoApplication-checkManifestLockResult.txt",
			);
			runOnlyForDeploymentPostprocessing = 0;
			shellPath = /bin/sh;
			shellScript = "diff \"${PODS_PODFILE_DIR_PATH}/Podfile.lock\" \"${PODS_ROOT}/Manifest.lock\" > /dev/null\nif [ $? != 0 ] ; then\n    # print error to STDERR\n    echo \"error: The sandbox is not in sync with the Podfile.lock. Run 'pod install' or update your CocoaPods installation.\" >&2\n    exit 1\nfi\n# This output is used by Xcode 'outputs' to avoid re-running this script phase.\necho \"SUCCESS\" > \"${SCRIPT_OUTPUT_FILE_0}\"\n";
			showEnvVarsInLog = 0;
		};
		AC1822686625952C0D9E5B3E /* [CP] Embed Pods Frameworks */ = {
			isa = PBXShellScriptBuildPhase;
			buildActionMask = 2147483647;
			files = (
			);
			inputFileListPaths = (
				"${PODS_ROOT}/Target Support Files/Pods-ToDoApplication/Pods-ToDoApplication-frameworks-${CONFIGURATION}-input-files.xcfilelist",
			);
			name = "[CP] Embed Pods Frameworks";
			outputFileListPaths = (
				"${PODS_ROOT}/Target Support Files/Pods-ToDoApplication/Pods-ToDoApplication-frameworks-${CONFIGURATION}-output-files.xcfilelist",
			);
			runOnlyForDeploymentPostprocessing = 0;
			shellPath = /bin/sh;
			shellScript = "\"${PODS_ROOT}/Target Support Files/Pods-ToDoApplication/Pods-ToDoApplication-frameworks.sh\"\n";
			showEnvVarsInLog = 0;
		};
/* End PBXShellScriptBuildPhase section */

/* Begin PBXSourcesBuildPhase section */
		7210936F2495178E007C94AC /* Sources */ = {
			isa = PBXSourcesBuildPhase;
			buildActionMask = 2147483647;
			files = (
				7215873A24951826007F6D46 /* ToDoTestCaseDIContainer.swift in Sources */,
				72158738249517C7007F6D46 /* ToDoTestCase.swift in Sources */,
			);
			runOnlyForDeploymentPostprocessing = 0;
		};
		72E7BE5A249502180064C64E /* Sources */ = {
			isa = PBXSourcesBuildPhase;
			buildActionMask = 2147483647;
			files = (
				72E7BE7624950FBC0064C64E /* EditViewController.swift in Sources */,
				72E7BE66249502180064C64E /* ViewController.swift in Sources */,
				72E7BE7824950FF70064C64E /* TaskViewController.swift in Sources */,
				72E7BE62249502180064C64E /* AppDelegate.swift in Sources */,
				72E7BE64249502180064C64E /* SceneDelegate.swift in Sources */,
			);
			runOnlyForDeploymentPostprocessing = 0;
		};
/* End PBXSourcesBuildPhase section */

/* Begin PBXTargetDependency section */
		721093792495178E007C94AC /* PBXTargetDependency */ = {
			isa = PBXTargetDependency;
			target = 72E7BE5D249502180064C64E /* ToDoApplication */;
			targetProxy = 721093782495178E007C94AC /* PBXContainerItemProxy */;
		};
/* End PBXTargetDependency section */

/* Begin PBXVariantGroup section */
		72E7BE67249502180064C64E /* Main.storyboard */ = {
			isa = PBXVariantGroup;
			children = (
				72E7BE68249502180064C64E /* Base */,
			);
			name = Main.storyboard;
			sourceTree = "<group>";
		};
		72E7BE6C249502190064C64E /* LaunchScreen.storyboard */ = {
			isa = PBXVariantGroup;
			children = (
				72E7BE6D249502190064C64E /* Base */,
			);
			name = LaunchScreen.storyboard;
			sourceTree = "<group>";
		};
/* End PBXVariantGroup section */

/* Begin XCBuildConfiguration section */
		7210937A2495178E007C94AC /* Debug */ = {
			isa = XCBuildConfiguration;
			buildSettings = {
				CODE_SIGN_STYLE = Automatic;
				DEVELOPMENT_TEAM = B5T9HL953S;
				INFOPLIST_FILE = ToDoApplicationUITests/Info.plist;
				LD_RUNPATH_SEARCH_PATHS = (
					"$(inherited)",
					"@executable_path/Frameworks",
					"@loader_path/Frameworks",
				);
				PRODUCT_BUNDLE_IDENTIFIER = NordTunes.ToDoApplicationUITests;
				PRODUCT_NAME = "$(TARGET_NAME)";
				SWIFT_VERSION = 5.0;
				TARGETED_DEVICE_FAMILY = "1,2";
				TEST_TARGET_NAME = ToDoApplication;
			};
			name = Debug;
		};
		7210937B2495178E007C94AC /* Release */ = {
			isa = XCBuildConfiguration;
			buildSettings = {
				CODE_SIGN_STYLE = Automatic;
				DEVELOPMENT_TEAM = B5T9HL953S;
				INFOPLIST_FILE = ToDoApplicationUITests/Info.plist;
				LD_RUNPATH_SEARCH_PATHS = (
					"$(inherited)",
					"@executable_path/Frameworks",
					"@loader_path/Frameworks",
				);
				PRODUCT_BUNDLE_IDENTIFIER = NordTunes.ToDoApplicationUITests;
				PRODUCT_NAME = "$(TARGET_NAME)";
				SWIFT_VERSION = 5.0;
				TARGETED_DEVICE_FAMILY = "1,2";
				TEST_TARGET_NAME = ToDoApplication;
			};
			name = Release;
		};
		72E7BE70249502190064C64E /* Debug */ = {
			isa = XCBuildConfiguration;
			buildSettings = {
				ALWAYS_SEARCH_USER_PATHS = NO;
				CLANG_ANALYZER_NONNULL = YES;
				CLANG_ANALYZER_NUMBER_OBJECT_CONVERSION = YES_AGGRESSIVE;
				CLANG_CXX_LANGUAGE_STANDARD = "gnu++14";
				CLANG_CXX_LIBRARY = "libc++";
				CLANG_ENABLE_MODULES = YES;
				CLANG_ENABLE_OBJC_ARC = YES;
				CLANG_ENABLE_OBJC_WEAK = YES;
				CLANG_WARN_BLOCK_CAPTURE_AUTORELEASING = YES;
				CLANG_WARN_BOOL_CONVERSION = YES;
				CLANG_WARN_COMMA = YES;
				CLANG_WARN_CONSTANT_CONVERSION = YES;
				CLANG_WARN_DEPRECATED_OBJC_IMPLEMENTATIONS = YES;
				CLANG_WARN_DIRECT_OBJC_ISA_USAGE = YES_ERROR;
				CLANG_WARN_DOCUMENTATION_COMMENTS = YES;
				CLANG_WARN_EMPTY_BODY = YES;
				CLANG_WARN_ENUM_CONVERSION = YES;
				CLANG_WARN_INFINITE_RECURSION = YES;
				CLANG_WARN_INT_CONVERSION = YES;
				CLANG_WARN_NON_LITERAL_NULL_CONVERSION = YES;
				CLANG_WARN_OBJC_IMPLICIT_RETAIN_SELF = YES;
				CLANG_WARN_OBJC_LITERAL_CONVERSION = YES;
				CLANG_WARN_OBJC_ROOT_CLASS = YES_ERROR;
				CLANG_WARN_RANGE_LOOP_ANALYSIS = YES;
				CLANG_WARN_STRICT_PROTOTYPES = YES;
				CLANG_WARN_SUSPICIOUS_MOVE = YES;
				CLANG_WARN_UNGUARDED_AVAILABILITY = YES_AGGRESSIVE;
				CLANG_WARN_UNREACHABLE_CODE = YES;
				CLANG_WARN__DUPLICATE_METHOD_MATCH = YES;
				COPY_PHASE_STRIP = NO;
				DEBUG_INFORMATION_FORMAT = dwarf;
				ENABLE_STRICT_OBJC_MSGSEND = YES;
				ENABLE_TESTABILITY = YES;
				GCC_C_LANGUAGE_STANDARD = gnu11;
				GCC_DYNAMIC_NO_PIC = NO;
				GCC_NO_COMMON_BLOCKS = YES;
				GCC_OPTIMIZATION_LEVEL = 0;
				GCC_PREPROCESSOR_DEFINITIONS = (
					"DEBUG=1",
					"$(inherited)",
				);
				GCC_WARN_64_TO_32_BIT_CONVERSION = YES;
				GCC_WARN_ABOUT_RETURN_TYPE = YES_ERROR;
				GCC_WARN_UNDECLARED_SELECTOR = YES;
				GCC_WARN_UNINITIALIZED_AUTOS = YES_AGGRESSIVE;
				GCC_WARN_UNUSED_FUNCTION = YES;
				GCC_WARN_UNUSED_VARIABLE = YES;
				IPHONEOS_DEPLOYMENT_TARGET = 13.1;
				MTL_ENABLE_DEBUG_INFO = INCLUDE_SOURCE;
				MTL_FAST_MATH = YES;
				ONLY_ACTIVE_ARCH = YES;
				SDKROOT = iphoneos;
				SWIFT_ACTIVE_COMPILATION_CONDITIONS = DEBUG;
				SWIFT_OPTIMIZATION_LEVEL = "-Onone";
			};
			name = Debug;
		};
		72E7BE71249502190064C64E /* Release */ = {
			isa = XCBuildConfiguration;
			buildSettings = {
				ALWAYS_SEARCH_USER_PATHS = NO;
				CLANG_ANALYZER_NONNULL = YES;
				CLANG_ANALYZER_NUMBER_OBJECT_CONVERSION = YES_AGGRESSIVE;
				CLANG_CXX_LANGUAGE_STANDARD = "gnu++14";
				CLANG_CXX_LIBRARY = "libc++";
				CLANG_ENABLE_MODULES = YES;
				CLANG_ENABLE_OBJC_ARC = YES;
				CLANG_ENABLE_OBJC_WEAK = YES;
				CLANG_WARN_BLOCK_CAPTURE_AUTORELEASING = YES;
				CLANG_WARN_BOOL_CONVERSION = YES;
				CLANG_WARN_COMMA = YES;
				CLANG_WARN_CONSTANT_CONVERSION = YES;
				CLANG_WARN_DEPRECATED_OBJC_IMPLEMENTATIONS = YES;
				CLANG_WARN_DIRECT_OBJC_ISA_USAGE = YES_ERROR;
				CLANG_WARN_DOCUMENTATION_COMMENTS = YES;
				CLANG_WARN_EMPTY_BODY = YES;
				CLANG_WARN_ENUM_CONVERSION = YES;
				CLANG_WARN_INFINITE_RECURSION = YES;
				CLANG_WARN_INT_CONVERSION = YES;
				CLANG_WARN_NON_LITERAL_NULL_CONVERSION = YES;
				CLANG_WARN_OBJC_IMPLICIT_RETAIN_SELF = YES;
				CLANG_WARN_OBJC_LITERAL_CONVERSION = YES;
				CLANG_WARN_OBJC_ROOT_CLASS = YES_ERROR;
				CLANG_WARN_RANGE_LOOP_ANALYSIS = YES;
				CLANG_WARN_STRICT_PROTOTYPES = YES;
				CLANG_WARN_SUSPICIOUS_MOVE = YES;
				CLANG_WARN_UNGUARDED_AVAILABILITY = YES_AGGRESSIVE;
				CLANG_WARN_UNREACHABLE_CODE = YES;
				CLANG_WARN__DUPLICATE_METHOD_MATCH = YES;
				COPY_PHASE_STRIP = NO;
				DEBUG_INFORMATION_FORMAT = "dwarf-with-dsym";
				ENABLE_NS_ASSERTIONS = NO;
				ENABLE_STRICT_OBJC_MSGSEND = YES;
				GCC_C_LANGUAGE_STANDARD = gnu11;
				GCC_NO_COMMON_BLOCKS = YES;
				GCC_WARN_64_TO_32_BIT_CONVERSION = YES;
				GCC_WARN_ABOUT_RETURN_TYPE = YES_ERROR;
				GCC_WARN_UNDECLARED_SELECTOR = YES;
				GCC_WARN_UNINITIALIZED_AUTOS = YES_AGGRESSIVE;
				GCC_WARN_UNUSED_FUNCTION = YES;
				GCC_WARN_UNUSED_VARIABLE = YES;
				IPHONEOS_DEPLOYMENT_TARGET = 13.1;
				MTL_ENABLE_DEBUG_INFO = NO;
				MTL_FAST_MATH = YES;
				SDKROOT = iphoneos;
				SWIFT_COMPILATION_MODE = wholemodule;
				SWIFT_OPTIMIZATION_LEVEL = "-O";
				VALIDATE_PRODUCT = YES;
			};
			name = Release;
		};
		72E7BE73249502190064C64E /* Debug */ = {
			isa = XCBuildConfiguration;
			baseConfigurationReference = 9BE10FA04F5C9C7BF760B5A8 /* Pods-ToDoApplication.debug.xcconfig */;
			buildSettings = {
				ASSETCATALOG_COMPILER_APPICON_NAME = AppIcon;
				CODE_SIGN_STYLE = Automatic;
				DEVELOPMENT_TEAM = B5T9HL953S;
				INFOPLIST_FILE = ToDoApplication/Info.plist;
				LD_RUNPATH_SEARCH_PATHS = (
					"$(inherited)",
					"@executable_path/Frameworks",
				);
				PRODUCT_BUNDLE_IDENTIFIER = NordTunes.ToDoApplication;
				PRODUCT_NAME = "$(TARGET_NAME)";
				SWIFT_VERSION = 5.0;
				TARGETED_DEVICE_FAMILY = "1,2";
			};
			name = Debug;
		};
		72E7BE74249502190064C64E /* Release */ = {
			isa = XCBuildConfiguration;
			baseConfigurationReference = F678B3547FAAA63AB8062AFA /* Pods-ToDoApplication.release.xcconfig */;
			buildSettings = {
				ASSETCATALOG_COMPILER_APPICON_NAME = AppIcon;
				CODE_SIGN_STYLE = Automatic;
				DEVELOPMENT_TEAM = B5T9HL953S;
				INFOPLIST_FILE = ToDoApplication/Info.plist;
				LD_RUNPATH_SEARCH_PATHS = (
					"$(inherited)",
					"@executable_path/Frameworks",
				);
				PRODUCT_BUNDLE_IDENTIFIER = NordTunes.ToDoApplication;
				PRODUCT_NAME = "$(TARGET_NAME)";
				SWIFT_VERSION = 5.0;
				TARGETED_DEVICE_FAMILY = "1,2";
			};
			name = Release;
		};
/* End XCBuildConfiguration section */

/* Begin XCConfigurationList section */
		7210937C2495178E007C94AC /* Build configuration list for PBXNativeTarget "ToDoApplicationUITests" */ = {
			isa = XCConfigurationList;
			buildConfigurations = (
				7210937A2495178E007C94AC /* Debug */,
				7210937B2495178E007C94AC /* Release */,
			);
			defaultConfigurationIsVisible = 0;
			defaultConfigurationName = Release;
		};
		72E7BE59249502180064C64E /* Build configuration list for PBXProject "ToDoApplication" */ = {
			isa = XCConfigurationList;
			buildConfigurations = (
				72E7BE70249502190064C64E /* Debug */,
				72E7BE71249502190064C64E /* Release */,
			);
			defaultConfigurationIsVisible = 0;
			defaultConfigurationName = Release;
		};
		72E7BE72249502190064C64E /* Build configuration list for PBXNativeTarget "ToDoApplication" */ = {
			isa = XCConfigurationList;
			buildConfigurations = (
				72E7BE73249502190064C64E /* Debug */,
				72E7BE74249502190064C64E /* Release */,
			);
			defaultConfigurationIsVisible = 0;
			defaultConfigurationName = Release;
		};
/* End XCConfigurationList section */
	};
	rootObject = 72E7BE56249502180064C64E /* Project object */;
}
